# THIS IS AN AUTOGENERATED FILE. DO NOT EDIT THIS FILE DIRECTLY.
# yarn lockfile v1


ampify@^0.2.6:
  version "0.2.6"
  resolved "https://registry.yarnpkg.com/ampify/-/ampify-0.2.6.tgz#258e532a612503ab3a85bd86fe041fd2d3b24759"
  dependencies:
    cheerio "^0.22.0"
    clean-css "^4.0.11"
    image-size "^0.5.1"
    sync-request "^4.0.2"

asap@~2.0.3:
  version "2.0.6"
  resolved "https://registry.yarnpkg.com/asap/-/asap-2.0.6.tgz#e50347611d7e690943208bbdafebcbc2fb866d46"

boolbase@~1.0.0:
  version "1.0.0"
  resolved "https://registry.yarnpkg.com/boolbase/-/boolbase-1.0.0.tgz#68dff5fbe60c51eb37725ea9e3ed310dcc1e776e"

buffer-from@^1.0.0:
  version "1.0.0"
  resolved "https://registry.yarnpkg.com/buffer-from/-/buffer-from-1.0.0.tgz#4cb8832d23612589b0406e9e2956c17f06fdf531"

caseless@~0.11.0:
  version "0.11.0"
  resolved "https://registry.yarnpkg.com/caseless/-/caseless-0.11.0.tgz#715b96ea9841593cc33067923f5ec60ebda4f7d7"

cheerio@^0.22.0:
  version "0.22.0"
  resolved "https://registry.yarnpkg.com/cheerio/-/cheerio-0.22.0.tgz#a9baa860a3f9b595a6b81b1a86873121ed3a269e"
  dependencies:
    css-select "~1.2.0"
    dom-serializer "~0.1.0"
    entities "~1.1.1"
    htmlparser2 "^3.9.1"
    lodash.assignin "^4.0.9"
    lodash.bind "^4.1.4"
    lodash.defaults "^4.0.1"
    lodash.filter "^4.4.0"
    lodash.flatten "^4.2.0"
    lodash.foreach "^4.3.0"
    lodash.map "^4.4.0"
    lodash.merge "^4.4.0"
    lodash.pick "^4.2.1"
    lodash.reduce "^4.4.0"
    lodash.reject "^4.4.0"
    lodash.some "^4.4.0"

clean-css@^4.0.11:
  version "4.1.11"
  resolved "https://registry.yarnpkg.com/clean-css/-/clean-css-4.1.11.tgz#2ecdf145aba38f54740f26cefd0ff3e03e125d6a"
  dependencies:
    source-map "0.5.x"

command-exists@^1.2.2:
  version "1.2.6"
  resolved "https://registry.yarnpkg.com/command-exists/-/command-exists-1.2.6.tgz#577f8e5feb0cb0f159cd557a51a9be1bdd76e09e"

concat-stream@^1.4.6, concat-stream@^1.4.7, concat-stream@^1.6.0:
  version "1.6.2"
  resolved "https://registry.yarnpkg.com/concat-stream/-/concat-stream-1.6.2.tgz#904bdf194cd3122fc675c77fc4ac3d4ff0fd1a34"
  dependencies:
    buffer-from "^1.0.0"
    inherits "^2.0.3"
    readable-stream "^2.2.2"
    typedarray "^0.0.6"

core-util-is@~1.0.0:
  version "1.0.2"
  resolved "https://registry.yarnpkg.com/core-util-is/-/core-util-is-1.0.2.tgz#b5fd54220aa2bc5ab57aab7140c940754503c1a7"

css-select@~1.2.0:
  version "1.2.0"
  resolved "https://registry.yarnpkg.com/css-select/-/css-select-1.2.0.tgz#2b3a110539c5355f1cd8d314623e870b121ec858"
  dependencies:
    boolbase "~1.0.0"
    css-what "2.1"
    domutils "1.5.1"
    nth-check "~1.0.1"

css-what@2.1:
  version "2.1.0"
  resolved "https://registry.yarnpkg.com/css-what/-/css-what-2.1.0.tgz#9467d032c38cfaefb9f2d79501253062f87fa1bd"

dom-serializer@0, dom-serializer@~0.1.0:
  version "0.1.0"
  resolved "https://registry.yarnpkg.com/dom-serializer/-/dom-serializer-0.1.0.tgz#073c697546ce0780ce23be4a28e293e40bc30c82"
  dependencies:
    domelementtype "~1.1.1"
    entities "~1.1.1"

domelementtype@1, domelementtype@^1.3.0:
  version "1.3.0"
  resolved "https://registry.yarnpkg.com/domelementtype/-/domelementtype-1.3.0.tgz#b17aed82e8ab59e52dd9c19b1756e0fc187204c2"

domelementtype@~1.1.1:
  version "1.1.3"
  resolved "https://registry.yarnpkg.com/domelementtype/-/domelementtype-1.1.3.tgz#bd28773e2642881aec51544924299c5cd822185b"

domhandler@^2.3.0:
  version "2.4.1"
  resolved "https://registry.yarnpkg.com/domhandler/-/domhandler-2.4.1.tgz#892e47000a99be55bbf3774ffea0561d8879c259"
  dependencies:
    domelementtype "1"

domutils@1.5.1, domutils@^1.5.1:
  version "1.5.1"
  resolved "https://registry.yarnpkg.com/domutils/-/domutils-1.5.1.tgz#dcd8488a26f563d61079e48c9f7b7e32373682cf"
  dependencies:
    dom-serializer "0"
    domelementtype "1"

entities@^1.1.1, entities@~1.1.1:
  version "1.1.1"
  resolved "https://registry.yarnpkg.com/entities/-/entities-1.1.1.tgz#6e5c2d0a5621b5dadaecef80b90edfb5cd7772f0"

get-port@^3.1.0:
  version "3.2.0"
  resolved "https://registry.yarnpkg.com/get-port/-/get-port-3.2.0.tgz#dd7ce7de187c06c8bf353796ac71e099f0980ebc"

htmlparser2@^3.9.1:
  version "3.9.2"
  resolved "https://registry.yarnpkg.com/htmlparser2/-/htmlparser2-3.9.2.tgz#1bdf87acca0f3f9e53fa4fcceb0f4b4cbb00b338"
  dependencies:
    domelementtype "^1.3.0"
    domhandler "^2.3.0"
    domutils "^1.5.1"
    entities "^1.1.1"
    inherits "^2.0.1"
    readable-stream "^2.0.2"

http-basic@^2.5.1:
  version "2.5.1"
  resolved "https://registry.yarnpkg.com/http-basic/-/http-basic-2.5.1.tgz#8ce447bdb5b6c577f8a63e3fa78056ec4bb4dbfb"
  dependencies:
    caseless "~0.11.0"
    concat-stream "^1.4.6"
    http-response-object "^1.0.0"

http-response-object@^1.0.0, http-response-object@^1.1.0:
  version "1.1.0"
  resolved "https://registry.yarnpkg.com/http-response-object/-/http-response-object-1.1.0.tgz#a7c4e75aae82f3bb4904e4f43f615673b4d518c3"

image-size@^0.5.1:
  version "0.5.5"
  resolved "https://registry.yarnpkg.com/image-size/-/image-size-0.5.5.tgz#09dfd4ab9d20e29eb1c3e80b8990378df9e3cb9c"

inherits@^2.0.1, inherits@^2.0.3, inherits@~2.0.3:
  version "2.0.3"
  resolved "https://registry.yarnpkg.com/inherits/-/inherits-2.0.3.tgz#633c2c83e3da42a502f52466022480f4208261de"

isarray@~1.0.0:
  version "1.0.0"
  resolved "https://registry.yarnpkg.com/isarray/-/isarray-1.0.0.tgz#bb935d48582cba168c06834957a54a3e07124f11"

lodash.assignin@^4.0.9:
  version "4.2.0"
  resolved "https://registry.yarnpkg.com/lodash.assignin/-/lodash.assignin-4.2.0.tgz#ba8df5fb841eb0a3e8044232b0e263a8dc6a28a2"

lodash.bind@^4.1.4:
  version "4.2.1"
  resolved "https://registry.yarnpkg.com/lodash.bind/-/lodash.bind-4.2.1.tgz#7ae3017e939622ac31b7d7d7dcb1b34db1690d35"

lodash.defaults@^4.0.1:
  version "4.2.0"
  resolved "https://registry.yarnpkg.com/lodash.defaults/-/lodash.defaults-4.2.0.tgz#d09178716ffea4dde9e5fb7b37f6f0802274580c"

lodash.filter@^4.4.0:
  version "4.6.0"
  resolved "https://registry.yarnpkg.com/lodash.filter/-/lodash.filter-4.6.0.tgz#668b1d4981603ae1cc5a6fa760143e480b4c4ace"

lodash.flatten@^4.2.0:
  version "4.4.0"
  resolved "https://registry.yarnpkg.com/lodash.flatten/-/lodash.flatten-4.4.0.tgz#f31c22225a9632d2bbf8e4addbef240aa765a61f"

lodash.foreach@^4.3.0:
  version "4.5.0"
  resolved "https://registry.yarnpkg.com/lodash.foreach/-/lodash.foreach-4.5.0.tgz#1a6a35eace401280c7f06dddec35165ab27e3e53"

lodash.map@^4.4.0:
  version "4.6.0"
  resolved "https://registry.yarnpkg.com/lodash.map/-/lodash.map-4.6.0.tgz#771ec7839e3473d9c4cde28b19394c3562f4f6d3"

lodash.merge@^4.4.0:
  version "4.6.1"
  resolved "https://registry.yarnpkg.com/lodash.merge/-/lodash.merge-4.6.1.tgz#adc25d9cb99b9391c59624f379fbba60d7111d54"

lodash.pick@^4.2.1:
  version "4.4.0"
  resolved "https://registry.yarnpkg.com/lodash.pick/-/lodash.pick-4.4.0.tgz#52f05610fff9ded422611441ed1fc123a03001b3"

lodash.reduce@^4.4.0:
  version "4.6.0"
  resolved "https://registry.yarnpkg.com/lodash.reduce/-/lodash.reduce-4.6.0.tgz#f1ab6b839299ad48f784abbf476596f03b914d3b"

lodash.reject@^4.4.0:
  version "4.6.0"
  resolved "https://registry.yarnpkg.com/lodash.reject/-/lodash.reject-4.6.0.tgz#80d6492dc1470864bbf583533b651f42a9f52415"

lodash.some@^4.4.0:
  version "4.6.0"
  resolved "https://registry.yarnpkg.com/lodash.some/-/lodash.some-4.6.0.tgz#1bb9f314ef6b8baded13b549169b2a945eb68e4d"

nth-check@~1.0.1:
  version "1.0.1"
  resolved "https://registry.yarnpkg.com/nth-check/-/nth-check-1.0.1.tgz#9929acdf628fc2c41098deab82ac580cf149aae4"
  dependencies:
    boolbase "~1.0.0"

process-nextick-args@~2.0.0:
  version "2.0.0"
  resolved "https://registry.yarnpkg.com/process-nextick-args/-/process-nextick-args-2.0.0.tgz#a37d732f4271b4ab1ad070d35508e8290788ffaa"

promise@^7.1.1:
  version "7.3.1"
  resolved "https://registry.yarnpkg.com/promise/-/promise-7.3.1.tgz#064b72602b18f90f29192b8b1bc418ffd1ebd3bf"
  dependencies:
    asap "~2.0.3"

qs@^6.1.0:
  version "6.5.1"
  resolved "https://registry.yarnpkg.com/qs/-/qs-6.5.1.tgz#349cdf6eef89ec45c12d7d5eb3fc0c870343a6d8"

readable-stream@^2.0.2, readable-stream@^2.2.2:
  version "2.3.6"
  resolved "https://registry.yarnpkg.com/readable-stream/-/readable-stream-2.3.6.tgz#b11c27d88b8ff1fbe070643cf94b0c79ae1b0aaf"
  dependencies:
    core-util-is "~1.0.0"
    inherits "~2.0.3"
    isarray "~1.0.0"
    process-nextick-args "~2.0.0"
    safe-buffer "~5.1.1"
    string_decoder "~1.1.1"
    util-deprecate "~1.0.1"

safe-buffer@~5.1.0, safe-buffer@~5.1.1:
  version "5.1.1"
  resolved "https://registry.yarnpkg.com/safe-buffer/-/safe-buffer-5.1.1.tgz#893312af69b2123def71f57889001671eeb2c853"

source-map@0.5.x:
  version "0.5.7"
  resolved "https://registry.yarnpkg.com/source-map/-/source-map-0.5.7.tgz#8a039d2d1021d22d1ea14c80d8ea468ba2ef3fcc"

string_decoder@~1.1.1:
  version "1.1.1"
  resolved "https://registry.yarnpkg.com/string_decoder/-/string_decoder-1.1.1.tgz#9cf1611ba62685d7030ae9e4ba34149c3af03fc8"
  dependencies:
    safe-buffer "~5.1.0"

sync-request@^4.0.2:
  version "4.1.0"
  resolved "https://registry.yarnpkg.com/sync-request/-/sync-request-4.1.0.tgz#324b4e506fb994d2afd2a0021a455f800725f07a"
  dependencies:
    command-exists "^1.2.2"
    concat-stream "^1.6.0"
    get-port "^3.1.0"
    http-response-object "^1.1.0"
    then-request "^2.2.0"

then-request@^2.2.0:
  version "2.2.0"
  resolved "https://registry.yarnpkg.com/then-request/-/then-request-2.2.0.tgz#6678b32fa0ca218fe569981bbd8871b594060d81"
  dependencies:
    caseless "~0.11.0"
    concat-stream "^1.4.7"
    http-basic "^2.5.1"
    http-response-object "^1.1.0"
    promise "^7.1.1"
    qs "^6.1.0"

typedarray@^0.0.6:
  version "0.0.6"
  resolved "https://registry.yarnpkg.com/typedarray/-/typedarray-0.0.6.tgz#867ac74e3864187b1d3d47d996a78ec5c8830777"

util-deprecate@~1.0.1:
  version "1.0.2"
  resolved "https://registry.yarnpkg.com/util-deprecate/-/util-deprecate-1.0.2.tgz#450d4dc9fa70de732762fbd2d4a28981419a0ccf"
